{
    "_readme": [
        "This file locks the dependencies of your project to a known state",
        "Read more about it at https://getcomposer.org/doc/01-basic-usage.md#composer-lock-the-lock-file",
        "This file is @generated automatically"
    ],
    "content-hash": "1ac8b544d9059c821d25268fce0389d5",
    "packages": [
        {
            "name": "cossou/jasperphp",
            "version": "v1.1.0",
            "source": {
                "type": "git",
                "url": "https://github.com/cossou/JasperPHP.git",
                "reference": "762e90fb97f155bce4f87f3e5d931809fc4033d0"
            },
            "dist": {
                "type": "zip",
                "url": "https://api.github.com/repos/cossou/JasperPHP/zipball/762e90fb97f155bce4f87f3e5d931809fc4033d0",
                "reference": "762e90fb97f155bce4f87f3e5d931809fc4033d0",
                "shasum": ""
            },
            "type": "library",
            "autoload": {
                "psr-0": {
                    "JasperPHP": "src/"
                }
            },
            "notification-url": "https://packagist.org/downloads/",
            "license": [
                "MIT"
            ],
            "authors": [
                {
                    "name": "Hélder Duarte",
                    "email": "cossou@gmail.com"
                }
            ],
            "description": "Create Reports in PHP with JasperReports",
            "homepage": "https://github.com/cossou/JasperPHP",
            "keywords": [
                "jasper",
                "jasperreports",
                "java",
                "pdf",
                "reports"
            ],
            "time": "2015-02-05T14:22:13+00:00"
        }
    ],
    "packages-dev": [],
    "aliases": [],
    "minimum-stability": "stable",
    "stability-flags": [],
    "prefer-stable": false,
    "prefer-lowest": false,
    "platform": [],
    "platform-dev": []
}
